// !$*UTF8*$!
{
	archiveVersion = 1;
	classes = {
	};
	objectVersion = 55;
	objects = {

/* Begin PBXBuildFile section */
		961F1C5E286B4449009F5A73 /* AppDelegate.swift in Sources */ = {isa = PBXBuildFile; fileRef = 961F1C5D286B4449009F5A73 /* AppDelegate.swift */; };
		961F1C60286B4449009F5A73 /* SceneDelegate.swift in Sources */ = {isa = PBXBuildFile; fileRef = 961F1C5F286B4449009F5A73 /* SceneDelegate.swift */; };
		961F1C62286B4449009F5A73 /* ViewController.swift in Sources */ = {isa = PBXBuildFile; fileRef = 961F1C61286B4449009F5A73 /* ViewController.swift */; };
		961F1C65286B4449009F5A73 /* Main.storyboard in Resources */ = {isa = PBXBuildFile; fileRef = 961F1C63286B4449009F5A73 /* Main.storyboard */; };
		961F1C67286B444B009F5A73 /* Assets.xcassets in Resources */ = {isa = PBXBuildFile; fileRef = 961F1C66286B444B009F5A73 /* Assets.xcassets */; };
		961F1C6A286B444B009F5A73 /* LaunchScreen.storyboard in Resources */ = {isa = PBXBuildFile; fileRef = 961F1C68286B444B009F5A73 /* LaunchScreen.storyboard */; };
		961F1C75286B46E4009F5A73 /* View.swift in Sources */ = {isa = PBXBuildFile; fileRef = 961F1C74286B46E4009F5A73 /* View.swift */; };
		961F1C77286B46F0009F5A73 /* ViewModel.swift in Sources */ = {isa = PBXBuildFile; fileRef = 961F1C76286B46F0009F5A73 /* ViewModel.swift */; };
		961F1C79286B46F9009F5A73 /* Model.swift in Sources */ = {isa = PBXBuildFile; fileRef = 961F1C78286B46F9009F5A73 /* Model.swift */; };
/* End PBXBuildFile section */

/* Begin PBXFileReference section */
		961F1C5A286B4449009F5A73 /* JokenpoViewCode.app */ = {isa = PBXFileReference; explicitFileType = wrapper.application; includeInIndex = 0; path = JokenpoViewCode.app; sourceTree = BUILT_PRODUCTS_DIR; };
		961F1C5D286B4449009F5A73 /* AppDelegate.swift */ = {isa = PBXFileReference; lastKnownFileType = sourcecode.swift; path = AppDelegate.swift; sourceTree = "<group>"; };
		961F1C5F286B4449009F5A73 /* SceneDelegate.swift */ = {isa = PBXFileReference; lastKnownFileType = sourcecode.swift; path = SceneDelegate.swift; sourceTree = "<group>"; };
		961F1C61286B4449009F5A73 /* ViewController.swift */ = {isa = PBXFileReference; lastKnownFileType = sourcecode.swift; path = ViewController.swift; sourceTree = "<group>"; };
		961F1C64286B4449009F5A73 /* Base */ = {isa = PBXFileReference; lastKnownFileType = file.storyboard; name = Base; path = Base.lproj/Main.storyboard; sourceTree = "<group>"; };
		961F1C66286B444B009F5A73 /* Assets.xcassets */ = {isa = PBXFileReference; lastKnownFileType = folder.assetcatalog; path = Assets.xcassets; sourceTree = "<group>"; };
		961F1C69286B444B009F5A73 /* Base */ = {isa = PBXFileReference; lastKnownFileType = file.storyboard; name = Base; path = Base.lproj/LaunchScreen.storyboard; sourceTree = "<group>"; };
		961F1C6B286B444B009F5A73 /* Info.plist */ = {isa = PBXFileReference; lastKnownFileType = text.plist.xml; path = Info.plist; sourceTree = "<group>"; };
		961F1C74286B46E4009F5A73 /* View.swift */ = {isa = PBXFileReference; lastKnownFileType = sourcecode.swift; path = View.swift; sourceTree = "<group>"; };
		961F1C76286B46F0009F5A73 /* ViewModel.swift */ = {isa = PBXFileReference; lastKnownFileType = sourcecode.swift; path = ViewModel.swift; sourceTree = "<group>"; };
		961F1C78286B46F9009F5A73 /* Model.swift */ = {isa = PBXFileReference; lastKnownFileType = sourcecode.swift; path = Model.swift; sourceTree = "<group>"; };
/* End PBXFileReference section */

/* Begin PBXFrameworksBuildPhase section */
		961F1C57286B4449009F5A73 /* Frameworks */ = {
			isa = PBXFrameworksBuildPhase;
			buildActionMask = 2147483647;
			files = (
			);
			runOnlyForDeploymentPostprocessing = 0;
		};
/* End PBXFrameworksBuildPhase section */

/* Begin PBXGroup section */
		961F1C51286B4449009F5A73 = {
			isa = PBXGroup;
			children = (
				961F1C5C286B4449009F5A73 /* JokenpoViewCode */,
				961F1C5B286B4449009F5A73 /* Products */,
			);
			sourceTree = "<group>";
		};
		961F1C5B286B4449009F5A73 /* Products */ = {
			isa = PBXGroup;
			children = (
				961F1C5A286B4449009F5A73 /* JokenpoViewCode.app */,
			);
			name = Products;
			sourceTree = "<group>";
		};
		961F1C5C286B4449009F5A73 /* JokenpoViewCode */ = {
			isa = PBXGroup;
			children = (
				961F1C73286B46C2009F5A73 /* ViewModel */,
				961F1C72286B46BC009F5A73 /* View */,
				961F1C71286B46B2009F5A73 /* Model */,
				961F1C5D286B4449009F5A73 /* AppDelegate.swift */,
				961F1C5F286B4449009F5A73 /* SceneDelegate.swift */,
				961F1C61286B4449009F5A73 /* ViewController.swift */,
				961F1C63286B4449009F5A73 /* Main.storyboard */,
				961F1C66286B444B009F5A73 /* Assets.xcassets */,
				961F1C68286B444B009F5A73 /* LaunchScreen.storyboard */,
				961F1C6B286B444B009F5A73 /* Info.plist */,
			);
			path = JokenpoViewCode;
			sourceTree = "<group>";
		};
		961F1C71286B46B2009F5A73 /* Model */ = {
			isa = PBXGroup;
			children = (
				961F1C78286B46F9009F5A73 /* Model.swift */,
			);
			path = Model;
			sourceTree = "<group>";
		};
		961F1C72286B46BC009F5A73 /* View */ = {
			isa = PBXGroup;
			children = (
				961F1C74286B46E4009F5A73 /* View.swift */,
			);
			path = View;
			sourceTree = "<group>";
		};
		961F1C73286B46C2009F5A73 /* ViewModel */ = {
			isa = PBXGroup;
			children = (
				961F1C76286B46F0009F5A73 /* ViewModel.swift */,
			);
			path = ViewModel;
			sourceTree = "<group>";
		};
/* End PBXGroup section */

/* Begin PBXNativeTarget section */
		961F1C59286B4449009F5A73 /* JokenpoViewCode */ = {
			isa = PBXNativeTarget;
			buildConfigurationList = 961F1C6E286B444B009F5A73 /* Build configuration list for PBXNativeTarget "JokenpoViewCode" */;
			buildPhases = (
				961F1C56286B4449009F5A73 /* Sources */,
				961F1C57286B4449009F5A73 /* Frameworks */,
				961F1C58286B4449009F5A73 /* Resources */,
			);
			buildRules = (
			);
			dependencies = (
			);
			name = JokenpoViewCode;
			productName = JokenpoViewCode;
			productReference = 961F1C5A286B4449009F5A73 /* JokenpoViewCode.app */;
			productType = "com.apple.product-type.application";
		};
/* End PBXNativeTarget section */

/* Begin PBXProject section */
		961F1C52286B4449009F5A73 /* Project object */ = {
			isa = PBXProject;
			attributes = {
				BuildIndependentTargetsInParallel = 1;
				LastSwiftUpdateCheck = 1340;
				LastUpgradeCheck = 1340;
				TargetAttributes = {
					961F1C59286B4449009F5A73 = {
						CreatedOnToolsVersion = 13.4.1;
					};
				};
			};
			buildConfigurationList = 961F1C55286B4449009F5A73 /* Build configuration list for PBXProject "JokenpoViewCode" */;
			compatibilityVersion = "Xcode 13.0";
			developmentRegion = en;
			hasScannedForEncodings = 0;
			knownRegions = (
				en,
				Base,
			);
			mainGroup = 961F1C51286B4449009F5A73;
			productRefGroup = 961F1C5B286B4449009F5A73 /* Products */;
			projectDirPath = "";
			projectRoot = "";
			targets = (
				961F1C59286B4449009F5A73 /* JokenpoViewCode */,
			);
		};
/* End PBXProject section */

/* Begin PBXResourcesBuildPhase section */
		961F1C58286B4449009F5A73 /* Resources */ = {
			isa = PBXResourcesBuildPhase;
			buildActionMask = 2147483647;
			files = (
				961F1C6A286B444B009F5A73 /* LaunchScreen.storyboard in Resources */,
				961F1C67286B444B009F5A73 /* Assets.xcassets in Resources */,
				961F1C65286B4449009F5A73 /* Main.storyboard in Resources */,
			);
			runOnlyForDeploymentPostprocessing = 0;
		};
/* End PBXResourcesBuildPhase section */

/* Begin PBXSourcesBuildPhase section */
		961F1C56286B4449009F5A73 /* Sources */ = {
			isa = PBXSourcesBuildPhase;
			buildActionMask = 2147483647;
			files = (
				961F1C77286B46F0009F5A73 /* ViewModel.swift in Sources */,
				961F1C75286B46E4009F5A73 /* View.swift in Sources */,
				961F1C62286B4449009F5A73 /* ViewController.swift in Sources */,
				961F1C79286B46F9009F5A73 /* Model.swift in Sources */,
				961F1C5E286B4449009F5A73 /* AppDelegate.swift in Sources */,
				961F1C60286B4449009F5A73 /* SceneDelegate.swift in Sources */,
			);
			runOnlyForDeploymentPostprocessing = 0;
		};
/* End PBXSourcesBuildPhase section */

/* Begin PBXVariantGroup section */
		961F1C63286B4449009F5A73 /* Main.storyboard */ = {
			isa = PBXVariantGroup;
			children = (
				961F1C64286B4449009F5A73 /* Base */,
			);
			name = Main.storyboard;
			sourceTree = "<group>";
		};
		961F1C68286B444B009F5A73 /* LaunchScreen.storyboard */ = {
			isa = PBXVariantGroup;
			children = (
				961F1C69286B444B009F5A73 /* Base */,
			);
			name = LaunchScreen.storyboard;
			sourceTree = "<group>";
		};
/* End PBXVariantGroup section */

/* Begin XCBuildConfiguration section */
		961F1C6C286B444B009F5A73 /* Debug */ = {
			isa = XCBuildConfiguration;
			buildSettings = {
				ALWAYS_SEARCH_USER_PATHS = NO;
				CLANG_ANALYZER_NONNULL = YES;
				CLANG_ANALYZER_NUMBER_OBJECT_CONVERSION = YES_AGGRESSIVE;
				CLANG_CXX_LANGUAGE_STANDARD = "gnu++17";
				CLANG_ENABLE_MODULES = YES;
				CLANG_ENABLE_OBJC_ARC = YES;
				CLANG_ENABLE_OBJC_WEAK = YES;
				CLANG_WARN_BLOCK_CAPTURE_AUTORELEASING = YES;
				CLANG_WARN_BOOL_CONVERSION = YES;
				CLANG_WARN_COMMA = YES;
				CLANG_WARN_CONSTANT_CONVERSION = YES;
				CLANG_WARN_DEPRECATED_OBJC_IMPLEMENTATIONS = YES;
				CLANG_WARN_DIRECT_OBJC_ISA_USAGE = YES_ERROR;
				CLANG_WARN_DOCUMENTATION_COMMENTS = YES;
				CLANG_WARN_EMPTY_BODY = YES;
				CLANG_WARN_ENUM_CONVERSION = YES;
				CLANG_WARN_INFINITE_RECURSION = YES;
				CLANG_WARN_INT_CONVERSION = YES;
				CLANG_WARN_NON_LITERAL_NULL_CONVERSION = YES;
				CLANG_WARN_OBJC_IMPLICIT_RETAIN_SELF = YES;
				CLANG_WARN_OBJC_LITERAL_CONVERSION = YES;
				CLANG_WARN_OBJC_ROOT_CLASS = YES_ERROR;
				CLANG_WARN_QUOTED_INCLUDE_IN_FRAMEWORK_HEADER = YES;
				CLANG_WARN_RANGE_LOOP_ANALYSIS = YES;
				CLANG_WARN_STRICT_PROTOTYPES = YES;
				CLANG_WARN_SUSPICIOUS_MOVE = YES;
				CLANG_WARN_UNGUARDED_AVAILABILITY = YES_AGGRESSIVE;
				CLANG_WARN_UNREACHABLE_CODE = YES;
				CLANG_WARN__DUPLICATE_METHOD_MATCH = YES;
				COPY_PHASE_STRIP = NO;
				DEBUG_INFORMATION_FORMAT = dwarf;
				ENABLE_STRICT_OBJC_MSGSEND = YES;
				ENABLE_TESTABILITY = YES;
				GCC_C_LANGUAGE_STANDARD = gnu11;
				GCC_DYNAMIC_NO_PIC = NO;
				GCC_NO_COMMON_BLOCKS = YES;
				GCC_OPTIMIZATION_LEVEL = 0;
				GCC_PREPROCESSOR_DEFINITIONS = (
					"DEBUG=1",
					"$(inherited)",
				);
				GCC_WARN_64_TO_32_BIT_CONVERSION = YES;
				GCC_WARN_ABOUT_RETURN_TYPE = YES_ERROR;
				GCC_WARN_UNDECLARED_SELECTOR = YES;
				GCC_WARN_UNINITIALIZED_AUTOS = YES_AGGRESSIVE;
				GCC_WARN_UNUSED_FUNCTION = YES;
				GCC_WARN_UNUSED_VARIABLE = YES;
				IPHONEOS_DEPLOYMENT_TARGET = 15.5;
				MTL_ENABLE_DEBUG_INFO = INCLUDE_SOURCE;
				MTL_FAST_MATH = YES;
				ONLY_ACTIVE_ARCH = YES;
				SDKROOT = iphoneos;
				SWIFT_ACTIVE_COMPILATION_CONDITIONS = DEBUG;
				SWIFT_OPTIMIZATION_LEVEL = "-Onone";
			};
			name = Debug;
		};
		961F1C6D286B444B009F5A73 /* Release */ = {
			isa = XCBuildConfiguration;
			buildSettings = {
				ALWAYS_SEARCH_USER_PATHS = NO;
				CLANG_ANALYZER_NONNULL = YES;
				CLANG_ANALYZER_NUMBER_OBJECT_CONVERSION = YES_AGGRESSIVE;
				CLANG_CXX_LANGUAGE_STANDARD = "gnu++17";
				CLANG_ENABLE_MODULES = YES;
				CLANG_ENABLE_OBJC_ARC = YES;
				CLANG_ENABLE_OBJC_WEAK = YES;
				CLANG_WARN_BLOCK_CAPTURE_AUTORELEASING = YES;
				CLANG_WARN_BOOL_CONVERSION = YES;
				CLANG_WARN_COMMA = YES;
				CLANG_WARN_CONSTANT_CONVERSION = YES;
				CLANG_WARN_DEPRECATED_OBJC_IMPLEMENTATIONS = YES;
				CLANG_WARN_DIRECT_OBJC_ISA_USAGE = YES_ERROR;
				CLANG_WARN_DOCUMENTATION_COMMENTS = YES;
				CLANG_WARN_EMPTY_BODY = YES;
				CLANG_WARN_ENUM_CONVERSION = YES;
				CLANG_WARN_INFINITE_RECURSION = YES;
				CLANG_WARN_INT_CONVERSION = YES;
				CLANG_WARN_NON_LITERAL_NULL_CONVERSION = YES;
				CLANG_WARN_OBJC_IMPLICIT_RETAIN_SELF = YES;
				CLANG_WARN_OBJC_LITERAL_CONVERSION = YES;
				CLANG_WARN_OBJC_ROOT_CLASS = YES_ERROR;
				CLANG_WARN_QUOTED_INCLUDE_IN_FRAMEWORK_HEADER = YES;
				CLANG_WARN_RANGE_LOOP_ANALYSIS = YES;
				CLANG_WARN_STRICT_PROTOTYPES = YES;
				CLANG_WARN_SUSPICIOUS_MOVE = YES;
				CLANG_WARN_UNGUARDED_AVAILABILITY = YES_AGGRESSIVE;
				CLANG_WARN_UNREACHABLE_CODE = YES;
				CLANG_WARN__DUPLICATE_METHOD_MATCH = YES;
				COPY_PHASE_STRIP = NO;
				DEBUG_INFORMATION_FORMAT = "dwarf-with-dsym";
				ENABLE_NS_ASSERTIONS = NO;
				ENABLE_STRICT_OBJC_MSGSEND = YES;
				GCC_C_LANGUAGE_STANDARD = gnu11;
				GCC_NO_COMMON_BLOCKS = YES;
				GCC_WARN_64_TO_32_BIT_CONVERSION = YES;
				GCC_WARN_ABOUT_RETURN_TYPE = YES_ERROR;
				GCC_WARN_UNDECLARED_SELECTOR = YES;
				GCC_WARN_UNINITIALIZED_AUTOS = YES_AGGRESSIVE;
				GCC_WARN_UNUSED_FUNCTION = YES;
				GCC_WARN_UNUSED_VARIABLE = YES;
				IPHONEOS_DEPLOYMENT_TARGET = 15.5;
				MTL_ENABLE_DEBUG_INFO = NO;
				MTL_FAST_MATH = YES;
				SDKROOT = iphoneos;
				SWIFT_COMPILATION_MODE = wholemodule;
				SWIFT_OPTIMIZATION_LEVEL = "-O";
				VALIDATE_PRODUCT = YES;
			};
			name = Release;
		};
		961F1C6F286B444B009F5A73 /* Debug */ = {
			isa = XCBuildConfiguration;
			buildSettings = {
				ASSETCATALOG_COMPILER_APPICON_NAME = AppIcon;
				ASSETCATALOG_COMPILER_GLOBAL_ACCENT_COLOR_NAME = AccentColor;
				CODE_SIGN_STYLE = Automatic;
				CURRENT_PROJECT_VERSION = 1;
				DEVELOPMENT_TEAM = 5KTT96MV9L;
				GENERATE_INFOPLIST_FILE = YES;
				INFOPLIST_FILE = JokenpoViewCode/Info.plist;
				INFOPLIST_KEY_UIApplicationSupportsIndirectInputEvents = YES;
				INFOPLIST_KEY_UILaunchStoryboardName = LaunchScreen;
				INFOPLIST_KEY_UISupportedInterfaceOrientations_iPad = "UIInterfaceOrientationPortrait UIInterfaceOrientationPortraitUpsideDown UIInterfaceOrientationLandscapeLeft UIInterfaceOrientationLandscapeRight";
				INFOPLIST_KEY_UISupportedInterfaceOrientations_iPhone = "UIInterfaceOrientationPortrait UIInterfaceOrientationLandscapeLeft UIInterfaceOrientationLandscapeRight";
				LD_RUNPATH_SEARCH_PATHS = (
					"$(inherited)",
					"@executable_path/Frameworks",
				);
				MARKETING_VERSION = 1.0;
				PRODUCT_BUNDLE_IDENTIFIER = "Vinicius-Angelo.JokenpoViewCode";
				PRODUCT_NAME = "$(TARGET_NAME)";
				SWIFT_EMIT_LOC_STRINGS = YES;
				SWIFT_VERSION = 5.0;
				TARGETED_DEVICE_FAMILY = 1;
			};
			name = Debug;
		};
		961F1C70286B444B009F5A73 /* Release */ = {
			isa = XCBuildConfiguration;
			buildSettings = {
				ASSETCATALOG_COMPILER_APPICON_NAME = AppIcon;
				ASSETCATALOG_COMPILER_GLOBAL_ACCENT_COLOR_NAME = AccentColor;
				CODE_SIGN_STYLE = Automatic;
				CURRENT_PROJECT_VERSION = 1;
				DEVELOPMENT_TEAM = 5KTT96MV9L;
				GENERATE_INFOPLIST_FILE = YES;
				INFOPLIST_FILE = JokenpoViewCode/Info.plist;
				INFOPLIST_KEY_UIApplicationSupportsIndirectInputEvents = YES;
				INFOPLIST_KEY_UILaunchStoryboardName = LaunchScreen;
				INFOPLIST_KEY_UISupportedInterfaceOrientations_iPad = "UIInterfaceOrientationPortrait UIInterfaceOrientationPortraitUpsideDown UIInterfaceOrientationLandscapeLeft UIInterfaceOrientationLandscapeRight";
				INFOPLIST_KEY_UISupportedInterfaceOrientations_iPhone = "UIInterfaceOrientationPortrait UIInterfaceOrientationLandscapeLeft UIInterfaceOrientationLandscapeRight";
				LD_RUNPATH_SEARCH_PATHS = (
					"$(inherited)",
					"@executable_path/Frameworks",
				);
				MARKETING_VERSION = 1.0;
				PRODUCT_BUNDLE_IDENTIFIER = "Vinicius-Angelo.JokenpoViewCode";
				PRODUCT_NAME = "$(TARGET_NAME)";
				SWIFT_EMIT_LOC_STRINGS = YES;
				SWIFT_VERSION = 5.0;
				TARGETED_DEVICE_FAMILY = 1;
			};
			name = Release;
		};
/* End XCBuildConfiguration section */

/* Begin XCConfigurationList section */
		961F1C55286B4449009F5A73 /* Build configuration list for PBXProject "JokenpoViewCode" */ = {
			isa = XCConfigurationList;
			buildConfigurations = (
				961F1C6C286B444B009F5A73 /* Debug */,
				961F1C6D286B444B009F5A73 /* Release */,
			);
			defaultConfigurationIsVisible = 0;
			defaultConfigurationName = Release;
		};
		961F1C6E286B444B009F5A73 /* Build configuration list for PBXNativeTarget "JokenpoViewCode" */ = {
			isa = XCConfigurationList;
			buildConfigurations = (
				961F1C6F286B444B009F5A73 /* Debug */,
				961F1C70286B444B009F5A73 /* Release */,
			);
			defaultConfigurationIsVisible = 0;
			defaultConfigurationName = Release;
		};
/* End XCConfigurationList section */
	};
	rootObject = 961F1C52286B4449009F5A73 /* Project object */;
}
